# THIS IS AN AUTOGENERATED FILE. DO NOT EDIT THIS FILE DIRECTLY.
# yarn lockfile v1
flipclock:
  version "0.7.8"
  resolved "https://registry.yarnpkg.com/flipclock/-/flipclock-0.7.8.tgz#f37f1f7ca9044d902c1fee1f1ae7f4bd1eef1a54"
  dependencies:
    jquery ">=1.7"

fullpage.js:
  version "2.8.7"
  resolved "https://registry.yarnpkg.com/fullpage.js/-/fullpage.js-2.8.7.tgz#ea381391a325428eacefed215eda0dc1ebf12ef9"
  dependencies:
    jquery ">=1.6.0"

jquery, jquery@>=1.6.0, jquery@>=1.7:
  version "3.1.1"
  resolved "https://registry.yarnpkg.com/jquery/-/jquery-3.1.1.tgz#347c1c21c7e004115e0a4da32cece041fad3c8a3"

tachyons:
  version "4.5.4"
  resolved "https://registry.yarnpkg.com/tachyons/-/tachyons-4.5.4.tgz#e639f2d55a8c8d8b810e2746f053bb2e4f1d5b66"

